
Microsoft Visual Studio Solution File, Format Version 12.00
# Visual Studio 15
VisualStudioVersion = 15.0.27428.2027
MinimumVisualStudioVersion = 10.0.40219.1
Project("{9A19103F-16F7-4668-BE54-9A1E7A4F7556}") = "Dapper.OutsideSql", "Dapper.OutsideSql\Dapper.OutsideSql.csproj", "{973BD580-5BFF-45EA-A1E4-D0AE0EDBCB80}"
EndProject
Project("{FAE04EC0-301F-11D3-BF4B-00C04F79EFBC}") = "Dapper.OutsideSql.Test", "Dapper.OutsideSql.Test\Dapper.OutsideSql.Test.csproj", "{86023495-A739-4D5C-9A3A-9044399DEA19}"
EndProject
Global
	GlobalSection(SolutionConfigurationPlatforms) = preSolution
		Debug|Any CPU = Debug|Any CPU
		Release|Any CPU = Release|Any CPU
	EndGlobalSection
	GlobalSection(ProjectConfigurationPlatforms) = postSolution
		{973BD580-5BFF-45EA-A1E4-D0AE0EDBCB80}.Debug|Any CPU.ActiveCfg = Debug|Any CPU
		{973BD580-5BFF-45EA-A1E4-D0AE0EDBCB80}.Debug|Any CPU.Build.0 = Debug|Any CPU
		{973BD580-5BFF-45EA-A1E4-D0AE0EDBCB80}.Release|Any CPU.ActiveCfg = Release|Any CPU
		{973BD580-5BFF-45EA-A1E4-D0AE0EDBCB80}.Release|Any CPU.Build.0 = Release|Any CPU
		{86023495-A739-4D5C-9A3A-9044399DEA19}.Debug|Any CPU.ActiveCfg = Debug|Any CPU
		{86023495-A739-4D5C-9A3A-9044399DEA19}.Debug|Any CPU.Build.0 = Debug|Any CPU
		{86023495-A739-4D5C-9A3A-9044399DEA19}.Release|Any CPU.ActiveCfg = Release|Any CPU
		{86023495-A739-4D5C-9A3A-9044399DEA19}.Release|Any CPU.Build.0 = Release|Any CPU
	EndGlobalSection
	GlobalSection(SolutionProperties) = preSolution
		HideSolutionNode = FALSE
	EndGlobalSection
	GlobalSection(ExtensibilityGlobals) = postSolution
		SolutionGuid = {380CA500-87D4-4FE0-B694-7A5160A2A423}
	EndGlobalSection
EndGlobal
